{
  "object": {
    "pins": [
      {
        "package": "telegram-bot-swift",
        "repositoryURL": "https://github.com/RomanEsin/telegram-bot-swift.git",
        "state": {
          "branch": "master",
          "revision": "2e806f8f27154852905fcfa3bb8c51e55dff9e53",
          "version": null
        }
      }
    ]
  },
  "version": 1
}
